
Microsoft Visual Studio Solution File, Format Version 12.00
# Visual Studio Version 17
VisualStudioVersion = 17.1.32210.238
MinimumVisualStudioVersion = 10.0.40219.1
Project("{FAE04EC0-301F-11D3-BF4B-00C04F79EFBC}") = "LandingApp", "LandingApp\LandingApp.csproj", "{682991B1-C6EE-4C27-9011-B60DC3037493}"
EndProject
Global
	GlobalSection(SolutionConfigurationPlatforms) = preSolution
		Debug|Any CPU = Debug|Any CPU
		Release|Any CPU = Release|Any CPU
	EndGlobalSection
	GlobalSection(ProjectConfigurationPlatforms) = postSolution
		{682991B1-C6EE-4C27-9011-B60DC3037493}.Debug|Any CPU.ActiveCfg = Debug|Any CPU
		{682991B1-C6EE-4C27-9011-B60DC3037493}.Debug|Any CPU.Build.0 = Debug|Any CPU
		{682991B1-C6EE-4C27-9011-B60DC3037493}.Release|Any CPU.ActiveCfg = Release|Any CPU
		{682991B1-C6EE-4C27-9011-B60DC3037493}.Release|Any CPU.Build.0 = Release|Any CPU
	EndGlobalSection
	GlobalSection(SolutionProperties) = preSolution
		HideSolutionNode = FALSE
	EndGlobalSection
	GlobalSection(ExtensibilityGlobals) = postSolution
		SolutionGuid = {8A1F7F77-C403-43AE-820D-6CABF779A6D2}
	EndGlobalSection
EndGlobal
